
Microsoft Visual Studio Solution File, Format Version 12.00
Project("{FAE04EC0-301F-11D3-BF4B-00C04F79EFBC}") = "TestToDo.Api", "TestToDo.Api\TestToDo.Api.csproj", "{49D7CC2F-85DE-43C1-9AC6-19315BD0D219}"
EndProject
Project("{2150E333-8FDC-42A3-9474-1A3956D46DE8}") = "Solution Items", "Solution Items", "{9D948C0D-E34B-472C-824B-14C92D59813A}"
	ProjectSection(SolutionItems) = preProject
		compose.yaml = compose.yaml
	EndProjectSection
EndProject
Project("{FAE04EC0-301F-11D3-BF4B-00C04F79EFBC}") = "TestToDo.Domain", "TestToDo.Domain\TestToDo.Domain.csproj", "{2107151F-5250-44E1-AD14-82844DBCE0A7}"
EndProject
Project("{FAE04EC0-301F-11D3-BF4B-00C04F79EFBC}") = "TestToDo.Application", "TestToDo.Application\TestToDo.Application.csproj", "{9C0ABB8C-5078-45F2-A803-06FDAFFD69D3}"
EndProject
Project("{FAE04EC0-301F-11D3-BF4B-00C04F79EFBC}") = "TestToDo.Infrastructure", "TestToDo.Infrastructure\TestToDo.Infrastructure.csproj", "{B270224C-BD46-41EA-8E4E-13592DF21F5F}"
EndProject
Project("{FAE04EC0-301F-11D3-BF4B-00C04F79EFBC}") = "TestToDo.Contracts", "TestToDo.Contracts\TestToDo.Contracts.csproj", "{E7B388AC-AE74-4F3E-A0CB-F58303645296}"
EndProject
Global
	GlobalSection(SolutionConfigurationPlatforms) = preSolution
		Debug|Any CPU = Debug|Any CPU
		Release|Any CPU = Release|Any CPU
	EndGlobalSection
	GlobalSection(ProjectConfigurationPlatforms) = postSolution
		{49D7CC2F-85DE-43C1-9AC6-19315BD0D219}.Debug|Any CPU.ActiveCfg = Debug|Any CPU
		{49D7CC2F-85DE-43C1-9AC6-19315BD0D219}.Debug|Any CPU.Build.0 = Debug|Any CPU
		{49D7CC2F-85DE-43C1-9AC6-19315BD0D219}.Release|Any CPU.ActiveCfg = Release|Any CPU
		{49D7CC2F-85DE-43C1-9AC6-19315BD0D219}.Release|Any CPU.Build.0 = Release|Any CPU
		{2107151F-5250-44E1-AD14-82844DBCE0A7}.Debug|Any CPU.ActiveCfg = Debug|Any CPU
		{2107151F-5250-44E1-AD14-82844DBCE0A7}.Debug|Any CPU.Build.0 = Debug|Any CPU
		{2107151F-5250-44E1-AD14-82844DBCE0A7}.Release|Any CPU.ActiveCfg = Release|Any CPU
		{2107151F-5250-44E1-AD14-82844DBCE0A7}.Release|Any CPU.Build.0 = Release|Any CPU
		{9C0ABB8C-5078-45F2-A803-06FDAFFD69D3}.Debug|Any CPU.ActiveCfg = Debug|Any CPU
		{9C0ABB8C-5078-45F2-A803-06FDAFFD69D3}.Debug|Any CPU.Build.0 = Debug|Any CPU
		{9C0ABB8C-5078-45F2-A803-06FDAFFD69D3}.Release|Any CPU.ActiveCfg = Release|Any CPU
		{9C0ABB8C-5078-45F2-A803-06FDAFFD69D3}.Release|Any CPU.Build.0 = Release|Any CPU
		{B270224C-BD46-41EA-8E4E-13592DF21F5F}.Debug|Any CPU.ActiveCfg = Debug|Any CPU
		{B270224C-BD46-41EA-8E4E-13592DF21F5F}.Debug|Any CPU.Build.0 = Debug|Any CPU
		{B270224C-BD46-41EA-8E4E-13592DF21F5F}.Release|Any CPU.ActiveCfg = Release|Any CPU
		{B270224C-BD46-41EA-8E4E-13592DF21F5F}.Release|Any CPU.Build.0 = Release|Any CPU
		{E7B388AC-AE74-4F3E-A0CB-F58303645296}.Debug|Any CPU.ActiveCfg = Debug|Any CPU
		{E7B388AC-AE74-4F3E-A0CB-F58303645296}.Debug|Any CPU.Build.0 = Debug|Any CPU
		{E7B388AC-AE74-4F3E-A0CB-F58303645296}.Release|Any CPU.ActiveCfg = Release|Any CPU
		{E7B388AC-AE74-4F3E-A0CB-F58303645296}.Release|Any CPU.Build.0 = Release|Any CPU
	EndGlobalSection
EndGlobal
